{
    "_readme": [
        "This file locks the dependencies of your project to a known state",
        "Read more about it at https://getcomposer.org/doc/01-basic-usage.md#installing-dependencies",
        "This file is @generated automatically"
    ],
    "content-hash": "7a03a67ee550a02b51c2600fcd083905",
    "packages": [
        {
            "name": "christophwurst/kitinerary",
            "version": "0.1.0",
            "source": {
                "type": "git",
                "url": "https://github.com/ChristophWurst/kitinerary.git",
                "reference": "af361b09dc37c4c67425a8b80357b350620c51fb"
            },
            "dist": {
                "type": "zip",
                "url": "https://api.github.com/repos/ChristophWurst/kitinerary/zipball/af361b09dc37c4c67425a8b80357b350620c51fb",
                "reference": "af361b09dc37c4c67425a8b80357b350620c51fb",
                "shasum": ""
            },
            "require": {
                "ext-json": "*"
            },
            "type": "library",
            "autoload": {
                "psr-4": {
                    "ChristophWurst\\KItinerary\\": "/src"
                }
            },
            "notification-url": "https://packagist.org/downloads/",
            "license": [
                "AGPL-3.0-or-later"
            ],
            "authors": [
                {
                    "name": "Christoph Wurst",
                    "email": "christoph@winzerhof-wurst.at"
                }
            ],
            "description": "KItinerary adapter",
            "time": "2019-11-18T10:44:57+00:00"
        }
    ],
    "packages-dev": [],
    "aliases": [],
    "minimum-stability": "stable",
    "stability-flags": [],
    "prefer-stable": false,
    "prefer-lowest": false,
    "platform": {
        "ext-json": "*"
    },
    "platform-dev": []
}
